// !$*UTF8*$!
{
	archiveVersion = 1;
	classes = {
	};
	objectVersion = 55;
	objects = {

/* Begin PBXBuildFile section */
		20C688DF286416A000B57794 /* AppDelegate.swift in Sources */ = {isa = PBXBuildFile; fileRef = 20C688DE286416A000B57794 /* AppDelegate.swift */; };
		20C688E1286416A000B57794 /* SceneDelegate.swift in Sources */ = {isa = PBXBuildFile; fileRef = 20C688E0286416A000B57794 /* SceneDelegate.swift */; };
		20C688E3286416A000B57794 /* ViewController.swift in Sources */ = {isa = PBXBuildFile; fileRef = 20C688E2286416A000B57794 /* ViewController.swift */; };
		20C688E6286416A000B57794 /* Main.storyboard in Resources */ = {isa = PBXBuildFile; fileRef = 20C688E4286416A000B57794 /* Main.storyboard */; };
		20C688E8286416A100B57794 /* Assets.xcassets in Resources */ = {isa = PBXBuildFile; fileRef = 20C688E7286416A100B57794 /* Assets.xcassets */; };
		20C688EB286416A100B57794 /* LaunchScreen.storyboard in Resources */ = {isa = PBXBuildFile; fileRef = 20C688E9286416A100B57794 /* LaunchScreen.storyboard */; };
		20C688F6286416A100B57794 /* SqliteDemoTests.swift in Sources */ = {isa = PBXBuildFile; fileRef = 20C688F5286416A100B57794 /* SqliteDemoTests.swift */; };
		20C68900286416A100B57794 /* SqliteDemoUITests.swift in Sources */ = {isa = PBXBuildFile; fileRef = 20C688FF286416A100B57794 /* SqliteDemoUITests.swift */; };
		20C68902286416A100B57794 /* SqliteDemoUITestsLaunchTests.swift in Sources */ = {isa = PBXBuildFile; fileRef = 20C68901286416A100B57794 /* SqliteDemoUITestsLaunchTests.swift */; };
/* End PBXBuildFile section */

/* Begin PBXContainerItemProxy section */
		20C688F2286416A100B57794 /* PBXContainerItemProxy */ = {
			isa = PBXContainerItemProxy;
			containerPortal = 20C688D3286416A000B57794 /* Project object */;
			proxyType = 1;
			remoteGlobalIDString = 20C688DA286416A000B57794;
			remoteInfo = SqliteDemo;
		};
		20C688FC286416A100B57794 /* PBXContainerItemProxy */ = {
			isa = PBXContainerItemProxy;
			containerPortal = 20C688D3286416A000B57794 /* Project object */;
			proxyType = 1;
			remoteGlobalIDString = 20C688DA286416A000B57794;
			remoteInfo = SqliteDemo;
		};
/* End PBXContainerItemProxy section */

/* Begin PBXFileReference section */
		20C688DB286416A000B57794 /* SqliteDemo.app */ = {isa = PBXFileReference; explicitFileType = wrapper.application; includeInIndex = 0; path = SqliteDemo.app; sourceTree = BUILT_PRODUCTS_DIR; };
		20C688DE286416A000B57794 /* AppDelegate.swift */ = {isa = PBXFileReference; lastKnownFileType = sourcecode.swift; path = AppDelegate.swift; sourceTree = "<group>"; };
		20C688E0286416A000B57794 /* SceneDelegate.swift */ = {isa = PBXFileReference; lastKnownFileType = sourcecode.swift; path = SceneDelegate.swift; sourceTree = "<group>"; };
		20C688E2286416A000B57794 /* ViewController.swift */ = {isa = PBXFileReference; lastKnownFileType = sourcecode.swift; path = ViewController.swift; sourceTree = "<group>"; };
		20C688E5286416A000B57794 /* Base */ = {isa = PBXFileReference; lastKnownFileType = file.storyboard; name = Base; path = Base.lproj/Main.storyboard; sourceTree = "<group>"; };
		20C688E7286416A100B57794 /* Assets.xcassets */ = {isa = PBXFileReference; lastKnownFileType = folder.assetcatalog; path = Assets.xcassets; sourceTree = "<group>"; };
		20C688EA286416A100B57794 /* Base */ = {isa = PBXFileReference; lastKnownFileType = file.storyboard; name = Base; path = Base.lproj/LaunchScreen.storyboard; sourceTree = "<group>"; };
		20C688EC286416A100B57794 /* Info.plist */ = {isa = PBXFileReference; lastKnownFileType = text.plist.xml; path = Info.plist; sourceTree = "<group>"; };
		20C688F1286416A100B57794 /* SqliteDemoTests.xctest */ = {isa = PBXFileReference; explicitFileType = wrapper.cfbundle; includeInIndex = 0; path = SqliteDemoTests.xctest; sourceTree = BUILT_PRODUCTS_DIR; };
		20C688F5286416A100B57794 /* SqliteDemoTests.swift */ = {isa = PBXFileReference; lastKnownFileType = sourcecode.swift; path = SqliteDemoTests.swift; sourceTree = "<group>"; };
		20C688FB286416A100B57794 /* SqliteDemoUITests.xctest */ = {isa = PBXFileReference; explicitFileType = wrapper.cfbundle; includeInIndex = 0; path = SqliteDemoUITests.xctest; sourceTree = BUILT_PRODUCTS_DIR; };
		20C688FF286416A100B57794 /* SqliteDemoUITests.swift */ = {isa = PBXFileReference; lastKnownFileType = sourcecode.swift; path = SqliteDemoUITests.swift; sourceTree = "<group>"; };
		20C68901286416A100B57794 /* SqliteDemoUITestsLaunchTests.swift */ = {isa = PBXFileReference; lastKnownFileType = sourcecode.swift; path = SqliteDemoUITestsLaunchTests.swift; sourceTree = "<group>"; };
/* End PBXFileReference section */

/* Begin PBXFrameworksBuildPhase section */
		20C688D8286416A000B57794 /* Frameworks */ = {
			isa = PBXFrameworksBuildPhase;
			buildActionMask = 2147483647;
			files = (
			);
			runOnlyForDeploymentPostprocessing = 0;
		};
		20C688EE286416A100B57794 /* Frameworks */ = {
			isa = PBXFrameworksBuildPhase;
			buildActionMask = 2147483647;
			files = (
			);
			runOnlyForDeploymentPostprocessing = 0;
		};
		20C688F8286416A100B57794 /* Frameworks */ = {
			isa = PBXFrameworksBuildPhase;
			buildActionMask = 2147483647;
			files = (
			);
			runOnlyForDeploymentPostprocessing = 0;
		};
/* End PBXFrameworksBuildPhase section */

/* Begin PBXGroup section */
		20C688D2286416A000B57794 = {
			isa = PBXGroup;
			children = (
				20C688DD286416A000B57794 /* SqliteDemo */,
				20C688F4286416A100B57794 /* SqliteDemoTests */,
				20C688FE286416A100B57794 /* SqliteDemoUITests */,
				20C688DC286416A000B57794 /* Products */,
			);
			sourceTree = "<group>";
		};
		20C688DC286416A000B57794 /* Products */ = {
			isa = PBXGroup;
			children = (
				20C688DB286416A000B57794 /* SqliteDemo.app */,
				20C688F1286416A100B57794 /* SqliteDemoTests.xctest */,
				20C688FB286416A100B57794 /* SqliteDemoUITests.xctest */,
			);
			name = Products;
			sourceTree = "<group>";
		};
		20C688DD286416A000B57794 /* SqliteDemo */ = {
			isa = PBXGroup;
			children = (
				20C688DE286416A000B57794 /* AppDelegate.swift */,
				20C688E0286416A000B57794 /* SceneDelegate.swift */,
				20C688E2286416A000B57794 /* ViewController.swift */,
				20C688E4286416A000B57794 /* Main.storyboard */,
				20C688E7286416A100B57794 /* Assets.xcassets */,
				20C688E9286416A100B57794 /* LaunchScreen.storyboard */,
				20C688EC286416A100B57794 /* Info.plist */,
			);
			path = SqliteDemo;
			sourceTree = "<group>";
		};
		20C688F4286416A100B57794 /* SqliteDemoTests */ = {
			isa = PBXGroup;
			children = (
				20C688F5286416A100B57794 /* SqliteDemoTests.swift */,
			);
			path = SqliteDemoTests;
			sourceTree = "<group>";
		};
		20C688FE286416A100B57794 /* SqliteDemoUITests */ = {
			isa = PBXGroup;
			children = (
				20C688FF286416A100B57794 /* SqliteDemoUITests.swift */,
				20C68901286416A100B57794 /* SqliteDemoUITestsLaunchTests.swift */,
			);
			path = SqliteDemoUITests;
			sourceTree = "<group>";
		};
/* End PBXGroup section */

/* Begin PBXNativeTarget section */
		20C688DA286416A000B57794 /* SqliteDemo */ = {
			isa = PBXNativeTarget;
			buildConfigurationList = 20C68905286416A100B57794 /* Build configuration list for PBXNativeTarget "SqliteDemo" */;
			buildPhases = (
				20C688D7286416A000B57794 /* Sources */,
				20C688D8286416A000B57794 /* Frameworks */,
				20C688D9286416A000B57794 /* Resources */,
			);
			buildRules = (
			);
			dependencies = (
			);
			name = SqliteDemo;
			productName = SqliteDemo;
			productReference = 20C688DB286416A000B57794 /* SqliteDemo.app */;
			productType = "com.apple.product-type.application";
		};
		20C688F0286416A100B57794 /* SqliteDemoTests */ = {
			isa = PBXNativeTarget;
			buildConfigurationList = 20C68908286416A100B57794 /* Build configuration list for PBXNativeTarget "SqliteDemoTests" */;
			buildPhases = (
				20C688ED286416A100B57794 /* Sources */,
				20C688EE286416A100B57794 /* Frameworks */,
				20C688EF286416A100B57794 /* Resources */,
			);
			buildRules = (
			);
			dependencies = (
				20C688F3286416A100B57794 /* PBXTargetDependency */,
			);
			name = SqliteDemoTests;
			productName = SqliteDemoTests;
			productReference = 20C688F1286416A100B57794 /* SqliteDemoTests.xctest */;
			productType = "com.apple.product-type.bundle.unit-test";
		};
		20C688FA286416A100B57794 /* SqliteDemoUITests */ = {
			isa = PBXNativeTarget;
			buildConfigurationList = 20C6890B286416A100B57794 /* Build configuration list for PBXNativeTarget "SqliteDemoUITests" */;
			buildPhases = (
				20C688F7286416A100B57794 /* Sources */,
				20C688F8286416A100B57794 /* Frameworks */,
				20C688F9286416A100B57794 /* Resources */,
			);
			buildRules = (
			);
			dependencies = (
				20C688FD286416A100B57794 /* PBXTargetDependency */,
			);
			name = SqliteDemoUITests;
			productName = SqliteDemoUITests;
			productReference = 20C688FB286416A100B57794 /* SqliteDemoUITests.xctest */;
			productType = "com.apple.product-type.bundle.ui-testing";
		};
/* End PBXNativeTarget section */

/* Begin PBXProject section */
		20C688D3286416A000B57794 /* Project object */ = {
			isa = PBXProject;
			attributes = {
				BuildIndependentTargetsInParallel = 1;
				LastSwiftUpdateCheck = 1330;
				LastUpgradeCheck = 1330;
				TargetAttributes = {
					20C688DA286416A000B57794 = {
						CreatedOnToolsVersion = 13.3.1;
					};
					20C688F0286416A100B57794 = {
						CreatedOnToolsVersion = 13.3.1;
						TestTargetID = 20C688DA286416A000B57794;
					};
					20C688FA286416A100B57794 = {
						CreatedOnToolsVersion = 13.3.1;
						TestTargetID = 20C688DA286416A000B57794;
					};
				};
			};
			buildConfigurationList = 20C688D6286416A000B57794 /* Build configuration list for PBXProject "SqliteDemo" */;
			compatibilityVersion = "Xcode 13.0";
			developmentRegion = en;
			hasScannedForEncodings = 0;
			knownRegions = (
				en,
				Base,
			);
			mainGroup = 20C688D2286416A000B57794;
			productRefGroup = 20C688DC286416A000B57794 /* Products */;
			projectDirPath = "";
			projectRoot = "";
			targets = (
				20C688DA286416A000B57794 /* SqliteDemo */,
				20C688F0286416A100B57794 /* SqliteDemoTests */,
				20C688FA286416A100B57794 /* SqliteDemoUITests */,
			);
		};
/* End PBXProject section */

/* Begin PBXResourcesBuildPhase section */
		20C688D9286416A000B57794 /* Resources */ = {
			isa = PBXResourcesBuildPhase;
			buildActionMask = 2147483647;
			files = (
				20C688EB286416A100B57794 /* LaunchScreen.storyboard in Resources */,
				20C688E8286416A100B57794 /* Assets.xcassets in Resources */,
				20C688E6286416A000B57794 /* Main.storyboard in Resources */,
			);
			runOnlyForDeploymentPostprocessing = 0;
		};
		20C688EF286416A100B57794 /* Resources */ = {
			isa = PBXResourcesBuildPhase;
			buildActionMask = 2147483647;
			files = (
			);
			runOnlyForDeploymentPostprocessing = 0;
		};
		20C688F9286416A100B57794 /* Resources */ = {
			isa = PBXResourcesBuildPhase;
			buildActionMask = 2147483647;
			files = (
			);
			runOnlyForDeploymentPostprocessing = 0;
		};
/* End PBXResourcesBuildPhase section */

/* Begin PBXSourcesBuildPhase section */
		20C688D7286416A000B57794 /* Sources */ = {
			isa = PBXSourcesBuildPhase;
			buildActionMask = 2147483647;
			files = (
				20C688E3286416A000B57794 /* ViewController.swift in Sources */,
				20C688DF286416A000B57794 /* AppDelegate.swift in Sources */,
				20C688E1286416A000B57794 /* SceneDelegate.swift in Sources */,
			);
			runOnlyForDeploymentPostprocessing = 0;
		};
		20C688ED286416A100B57794 /* Sources */ = {
			isa = PBXSourcesBuildPhase;
			buildActionMask = 2147483647;
			files = (
				20C688F6286416A100B57794 /* SqliteDemoTests.swift in Sources */,
			);
			runOnlyForDeploymentPostprocessing = 0;
		};
		20C688F7286416A100B57794 /* Sources */ = {
			isa = PBXSourcesBuildPhase;
			buildActionMask = 2147483647;
			files = (
				20C68900286416A100B57794 /* SqliteDemoUITests.swift in Sources */,
				20C68902286416A100B57794 /* SqliteDemoUITestsLaunchTests.swift in Sources */,
			);
			runOnlyForDeploymentPostprocessing = 0;
		};
/* End PBXSourcesBuildPhase section */

/* Begin PBXTargetDependency section */
		20C688F3286416A100B57794 /* PBXTargetDependency */ = {
			isa = PBXTargetDependency;
			target = 20C688DA286416A000B57794 /* SqliteDemo */;
			targetProxy = 20C688F2286416A100B57794 /* PBXContainerItemProxy */;
		};
		20C688FD286416A100B57794 /* PBXTargetDependency */ = {
			isa = PBXTargetDependency;
			target = 20C688DA286416A000B57794 /* SqliteDemo */;
			targetProxy = 20C688FC286416A100B57794 /* PBXContainerItemProxy */;
		};
/* End PBXTargetDependency section */

/* Begin PBXVariantGroup section */
		20C688E4286416A000B57794 /* Main.storyboard */ = {
			isa = PBXVariantGroup;
			children = (
				20C688E5286416A000B57794 /* Base */,
			);
			name = Main.storyboard;
			sourceTree = "<group>";
		};
		20C688E9286416A100B57794 /* LaunchScreen.storyboard */ = {
			isa = PBXVariantGroup;
			children = (
				20C688EA286416A100B57794 /* Base */,
			);
			name = LaunchScreen.storyboard;
			sourceTree = "<group>";
		};
/* End PBXVariantGroup section */

/* Begin XCBuildConfiguration section */
		20C68903286416A100B57794 /* Debug */ = {
			isa = XCBuildConfiguration;
			buildSettings = {
				ALWAYS_SEARCH_USER_PATHS = NO;
				CLANG_ANALYZER_NONNULL = YES;
				CLANG_ANALYZER_NUMBER_OBJECT_CONVERSION = YES_AGGRESSIVE;
				CLANG_CXX_LANGUAGE_STANDARD = "gnu++17";
				CLANG_ENABLE_MODULES = YES;
				CLANG_ENABLE_OBJC_ARC = YES;
				CLANG_ENABLE_OBJC_WEAK = YES;
				CLANG_WARN_BLOCK_CAPTURE_AUTORELEASING = YES;
				CLANG_WARN_BOOL_CONVERSION = YES;
				CLANG_WARN_COMMA = YES;
				CLANG_WARN_CONSTANT_CONVERSION = YES;
				CLANG_WARN_DEPRECATED_OBJC_IMPLEMENTATIONS = YES;
				CLANG_WARN_DIRECT_OBJC_ISA_USAGE = YES_ERROR;
				CLANG_WARN_DOCUMENTATION_COMMENTS = YES;
				CLANG_WARN_EMPTY_BODY = YES;
				CLANG_WARN_ENUM_CONVERSION = YES;
				CLANG_WARN_INFINITE_RECURSION = YES;
				CLANG_WARN_INT_CONVERSION = YES;
				CLANG_WARN_NON_LITERAL_NULL_CONVERSION = YES;
				CLANG_WARN_OBJC_IMPLICIT_RETAIN_SELF = YES;
				CLANG_WARN_OBJC_LITERAL_CONVERSION = YES;
				CLANG_WARN_OBJC_ROOT_CLASS = YES_ERROR;
				CLANG_WARN_QUOTED_INCLUDE_IN_FRAMEWORK_HEADER = YES;
				CLANG_WARN_RANGE_LOOP_ANALYSIS = YES;
				CLANG_WARN_STRICT_PROTOTYPES = YES;
				CLANG_WARN_SUSPICIOUS_MOVE = YES;
				CLANG_WARN_UNGUARDED_AVAILABILITY = YES_AGGRESSIVE;
				CLANG_WARN_UNREACHABLE_CODE = YES;
				CLANG_WARN__DUPLICATE_METHOD_MATCH = YES;
				COPY_PHASE_STRIP = NO;
				DEBUG_INFORMATION_FORMAT = dwarf;
				ENABLE_STRICT_OBJC_MSGSEND = YES;
				ENABLE_TESTABILITY = YES;
				GCC_C_LANGUAGE_STANDARD = gnu11;
				GCC_DYNAMIC_NO_PIC = NO;
				GCC_NO_COMMON_BLOCKS = YES;
				GCC_OPTIMIZATION_LEVEL = 0;
				GCC_PREPROCESSOR_DEFINITIONS = (
					"DEBUG=1",
					"$(inherited)",
				);
				GCC_WARN_64_TO_32_BIT_CONVERSION = YES;
				GCC_WARN_ABOUT_RETURN_TYPE = YES_ERROR;
				GCC_WARN_UNDECLARED_SELECTOR = YES;
				GCC_WARN_UNINITIALIZED_AUTOS = YES_AGGRESSIVE;
				GCC_WARN_UNUSED_FUNCTION = YES;
				GCC_WARN_UNUSED_VARIABLE = YES;
				IPHONEOS_DEPLOYMENT_TARGET = 15.4;
				MTL_ENABLE_DEBUG_INFO = INCLUDE_SOURCE;
				MTL_FAST_MATH = YES;
				ONLY_ACTIVE_ARCH = YES;
				SDKROOT = iphoneos;
				SWIFT_ACTIVE_COMPILATION_CONDITIONS = DEBUG;
				SWIFT_OPTIMIZATION_LEVEL = "-Onone";
			};
			name = Debug;
		};
		20C68904286416A100B57794 /* Release */ = {
			isa = XCBuildConfiguration;
			buildSettings = {
				ALWAYS_SEARCH_USER_PATHS = NO;
				CLANG_ANALYZER_NONNULL = YES;
				CLANG_ANALYZER_NUMBER_OBJECT_CONVERSION = YES_AGGRESSIVE;
				CLANG_CXX_LANGUAGE_STANDARD = "gnu++17";
				CLANG_ENABLE_MODULES = YES;
				CLANG_ENABLE_OBJC_ARC = YES;
				CLANG_ENABLE_OBJC_WEAK = YES;
				CLANG_WARN_BLOCK_CAPTURE_AUTORELEASING = YES;
				CLANG_WARN_BOOL_CONVERSION = YES;
				CLANG_WARN_COMMA = YES;
				CLANG_WARN_CONSTANT_CONVERSION = YES;
				CLANG_WARN_DEPRECATED_OBJC_IMPLEMENTATIONS = YES;
				CLANG_WARN_DIRECT_OBJC_ISA_USAGE = YES_ERROR;
				CLANG_WARN_DOCUMENTATION_COMMENTS = YES;
				CLANG_WARN_EMPTY_BODY = YES;
				CLANG_WARN_ENUM_CONVERSION = YES;
				CLANG_WARN_INFINITE_RECURSION = YES;
				CLANG_WARN_INT_CONVERSION = YES;
				CLANG_WARN_NON_LITERAL_NULL_CONVERSION = YES;
				CLANG_WARN_OBJC_IMPLICIT_RETAIN_SELF = YES;
				CLANG_WARN_OBJC_LITERAL_CONVERSION = YES;
				CLANG_WARN_OBJC_ROOT_CLASS = YES_ERROR;
				CLANG_WARN_QUOTED_INCLUDE_IN_FRAMEWORK_HEADER = YES;
				CLANG_WARN_RANGE_LOOP_ANALYSIS = YES;
				CLANG_WARN_STRICT_PROTOTYPES = YES;
				CLANG_WARN_SUSPICIOUS_MOVE = YES;
				CLANG_WARN_UNGUARDED_AVAILABILITY = YES_AGGRESSIVE;
				CLANG_WARN_UNREACHABLE_CODE = YES;
				CLANG_WARN__DUPLICATE_METHOD_MATCH = YES;
				COPY_PHASE_STRIP = NO;
				DEBUG_INFORMATION_FORMAT = "dwarf-with-dsym";
				ENABLE_NS_ASSERTIONS = NO;
				ENABLE_STRICT_OBJC_MSGSEND = YES;
				GCC_C_LANGUAGE_STANDARD = gnu11;
				GCC_NO_COMMON_BLOCKS = YES;
				GCC_WARN_64_TO_32_BIT_CONVERSION = YES;
				GCC_WARN_ABOUT_RETURN_TYPE = YES_ERROR;
				GCC_WARN_UNDECLARED_SELECTOR = YES;
				GCC_WARN_UNINITIALIZED_AUTOS = YES_AGGRESSIVE;
				GCC_WARN_UNUSED_FUNCTION = YES;
				GCC_WARN_UNUSED_VARIABLE = YES;
				IPHONEOS_DEPLOYMENT_TARGET = 15.4;
				MTL_ENABLE_DEBUG_INFO = NO;
				MTL_FAST_MATH = YES;
				SDKROOT = iphoneos;
				SWIFT_COMPILATION_MODE = wholemodule;
				SWIFT_OPTIMIZATION_LEVEL = "-O";
				VALIDATE_PRODUCT = YES;
			};
			name = Release;
		};
		20C68906286416A100B57794 /* Debug */ = {
			isa = XCBuildConfiguration;
			buildSettings = {
				ASSETCATALOG_COMPILER_APPICON_NAME = AppIcon;
				ASSETCATALOG_COMPILER_GLOBAL_ACCENT_COLOR_NAME = AccentColor;
				CODE_SIGN_STYLE = Automatic;
				CURRENT_PROJECT_VERSION = 1;
				GENERATE_INFOPLIST_FILE = YES;
				INFOPLIST_FILE = SqliteDemo/Info.plist;
				INFOPLIST_KEY_UIApplicationSupportsIndirectInputEvents = YES;
				INFOPLIST_KEY_UILaunchStoryboardName = LaunchScreen;
				INFOPLIST_KEY_UIMainStoryboardFile = Main;
				INFOPLIST_KEY_UISupportedInterfaceOrientations_iPad = "UIInterfaceOrientationPortrait UIInterfaceOrientationPortraitUpsideDown UIInterfaceOrientationLandscapeLeft UIInterfaceOrientationLandscapeRight";
				INFOPLIST_KEY_UISupportedInterfaceOrientations_iPhone = "UIInterfaceOrientationPortrait UIInterfaceOrientationLandscapeLeft UIInterfaceOrientationLandscapeRight";
				LD_RUNPATH_SEARCH_PATHS = (
					"$(inherited)",
					"@executable_path/Frameworks",
				);
				MARKETING_VERSION = 1.0;
				PRODUCT_BUNDLE_IDENTIFIER = us.genusys.SqliteDemo;
				PRODUCT_NAME = "$(TARGET_NAME)";
				SWIFT_EMIT_LOC_STRINGS = YES;
				SWIFT_VERSION = 5.0;
				TARGETED_DEVICE_FAMILY = "1,2";
			};
			name = Debug;
		};
		20C68907286416A100B57794 /* Release */ = {
			isa = XCBuildConfiguration;
			buildSettings = {
				ASSETCATALOG_COMPILER_APPICON_NAME = AppIcon;
				ASSETCATALOG_COMPILER_GLOBAL_ACCENT_COLOR_NAME = AccentColor;
				CODE_SIGN_STYLE = Automatic;
				CURRENT_PROJECT_VERSION = 1;
				GENERATE_INFOPLIST_FILE = YES;
				INFOPLIST_FILE = SqliteDemo/Info.plist;
				INFOPLIST_KEY_UIApplicationSupportsIndirectInputEvents = YES;
				INFOPLIST_KEY_UILaunchStoryboardName = LaunchScreen;
				INFOPLIST_KEY_UIMainStoryboardFile = Main;
				INFOPLIST_KEY_UISupportedInterfaceOrientations_iPad = "UIInterfaceOrientationPortrait UIInterfaceOrientationPortraitUpsideDown UIInterfaceOrientationLandscapeLeft UIInterfaceOrientationLandscapeRight";
				INFOPLIST_KEY_UISupportedInterfaceOrientations_iPhone = "UIInterfaceOrientationPortrait UIInterfaceOrientationLandscapeLeft UIInterfaceOrientationLandscapeRight";
				LD_RUNPATH_SEARCH_PATHS = (
					"$(inherited)",
					"@executable_path/Frameworks",
				);
				MARKETING_VERSION = 1.0;
				PRODUCT_BUNDLE_IDENTIFIER = us.genusys.SqliteDemo;
				PRODUCT_NAME = "$(TARGET_NAME)";
				SWIFT_EMIT_LOC_STRINGS = YES;
				SWIFT_VERSION = 5.0;
				TARGETED_DEVICE_FAMILY = "1,2";
			};
			name = Release;
		};
		20C68909286416A100B57794 /* Debug */ = {
			isa = XCBuildConfiguration;
			buildSettings = {
				ALWAYS_EMBED_SWIFT_STANDARD_LIBRARIES = YES;
				BUNDLE_LOADER = "$(TEST_HOST)";
				CODE_SIGN_STYLE = Automatic;
				CURRENT_PROJECT_VERSION = 1;
				GENERATE_INFOPLIST_FILE = YES;
				IPHONEOS_DEPLOYMENT_TARGET = 15.4;
				MARKETING_VERSION = 1.0;
				PRODUCT_BUNDLE_IDENTIFIER = us.genusys.SqliteDemoTests;
				PRODUCT_NAME = "$(TARGET_NAME)";
				SWIFT_EMIT_LOC_STRINGS = NO;
				SWIFT_VERSION = 5.0;
				TARGETED_DEVICE_FAMILY = "1,2";
				TEST_HOST = "$(BUILT_PRODUCTS_DIR)/SqliteDemo.app/SqliteDemo";
			};
			name = Debug;
		};
		20C6890A286416A100B57794 /* Release */ = {
			isa = XCBuildConfiguration;
			buildSettings = {
				ALWAYS_EMBED_SWIFT_STANDARD_LIBRARIES = YES;
				BUNDLE_LOADER = "$(TEST_HOST)";
				CODE_SIGN_STYLE = Automatic;
				CURRENT_PROJECT_VERSION = 1;
				GENERATE_INFOPLIST_FILE = YES;
				IPHONEOS_DEPLOYMENT_TARGET = 15.4;
				MARKETING_VERSION = 1.0;
				PRODUCT_BUNDLE_IDENTIFIER = us.genusys.SqliteDemoTests;
				PRODUCT_NAME = "$(TARGET_NAME)";
				SWIFT_EMIT_LOC_STRINGS = NO;
				SWIFT_VERSION = 5.0;
				TARGETED_DEVICE_FAMILY = "1,2";
				TEST_HOST = "$(BUILT_PRODUCTS_DIR)/SqliteDemo.app/SqliteDemo";
			};
			name = Release;
		};
		20C6890C286416A100B57794 /* Debug */ = {
			isa = XCBuildConfiguration;
			buildSettings = {
				ALWAYS_EMBED_SWIFT_STANDARD_LIBRARIES = YES;
				CODE_SIGN_STYLE = Automatic;
				CURRENT_PROJECT_VERSION = 1;
				GENERATE_INFOPLIST_FILE = YES;
				MARKETING_VERSION = 1.0;
				PRODUCT_BUNDLE_IDENTIFIER = us.genusys.SqliteDemoUITests;
				PRODUCT_NAME = "$(TARGET_NAME)";
				SWIFT_EMIT_LOC_STRINGS = NO;
				SWIFT_VERSION = 5.0;
				TARGETED_DEVICE_FAMILY = "1,2";
				TEST_TARGET_NAME = SqliteDemo;
			};
			name = Debug;
		};
		20C6890D286416A100B57794 /* Release */ = {
			isa = XCBuildConfiguration;
			buildSettings = {
				ALWAYS_EMBED_SWIFT_STANDARD_LIBRARIES = YES;
				CODE_SIGN_STYLE = Automatic;
				CURRENT_PROJECT_VERSION = 1;
				GENERATE_INFOPLIST_FILE = YES;
				MARKETING_VERSION = 1.0;
				PRODUCT_BUNDLE_IDENTIFIER = us.genusys.SqliteDemoUITests;
				PRODUCT_NAME = "$(TARGET_NAME)";
				SWIFT_EMIT_LOC_STRINGS = NO;
				SWIFT_VERSION = 5.0;
				TARGETED_DEVICE_FAMILY = "1,2";
				TEST_TARGET_NAME = SqliteDemo;
			};
			name = Release;
		};
/* End XCBuildConfiguration section */

/* Begin XCConfigurationList section */
		20C688D6286416A000B57794 /* Build configuration list for PBXProject "SqliteDemo" */ = {
			isa = XCConfigurationList;
			buildConfigurations = (
				20C68903286416A100B57794 /* Debug */,
				20C68904286416A100B57794 /* Release */,
			);
			defaultConfigurationIsVisible = 0;
			defaultConfigurationName = Release;
		};
		20C68905286416A100B57794 /* Build configuration list for PBXNativeTarget "SqliteDemo" */ = {
			isa = XCConfigurationList;
			buildConfigurations = (
				20C68906286416A100B57794 /* Debug */,
				20C68907286416A100B57794 /* Release */,
			);
			defaultConfigurationIsVisible = 0;
			defaultConfigurationName = Release;
		};
		20C68908286416A100B57794 /* Build configuration list for PBXNativeTarget "SqliteDemoTests" */ = {
			isa = XCConfigurationList;
			buildConfigurations = (
				20C68909286416A100B57794 /* Debug */,
				20C6890A286416A100B57794 /* Release */,
			);
			defaultConfigurationIsVisible = 0;
			defaultConfigurationName = Release;
		};
		20C6890B286416A100B57794 /* Build configuration list for PBXNativeTarget "SqliteDemoUITests" */ = {
			isa = XCConfigurationList;
			buildConfigurations = (
				20C6890C286416A100B57794 /* Debug */,
				20C6890D286416A100B57794 /* Release */,
			);
			defaultConfigurationIsVisible = 0;
			defaultConfigurationName = Release;
		};
/* End XCConfigurationList section */
	};
	rootObject = 20C688D3286416A000B57794 /* Project object */;
}
